// !$*UTF8*$!
{
	archiveVersion = 1;
	classes = {
	};
	objectVersion = 48;
	objects = {

/* Begin PBXBuildFile section */
		47CA810D203E7A90002984D1 /* AppDelegate.swift in Sources */ = {isa = PBXBuildFile; fileRef = 47CA810C203E7A90002984D1 /* AppDelegate.swift */; };
		47CA810F203E7A90002984D1 /* ViewController.swift in Sources */ = {isa = PBXBuildFile; fileRef = 47CA810E203E7A90002984D1 /* ViewController.swift */; };
		47CA8112203E7A90002984D1 /* Main.storyboard in Resources */ = {isa = PBXBuildFile; fileRef = 47CA8110203E7A90002984D1 /* Main.storyboard */; };
		47CA8114203E7A90002984D1 /* Assets.xcassets in Resources */ = {isa = PBXBuildFile; fileRef = 47CA8113203E7A90002984D1 /* Assets.xcassets */; };
		47CA8117203E7A90002984D1 /* LaunchScreen.storyboard in Resources */ = {isa = PBXBuildFile; fileRef = 47CA8115203E7A90002984D1 /* LaunchScreen.storyboard */; };
		47CA8122203E7A90002984D1 /* ParseChatTests.swift in Sources */ = {isa = PBXBuildFile; fileRef = 47CA8121203E7A90002984D1 /* ParseChatTests.swift */; };
		47CA812D203E7A90002984D1 /* ParseChatUITests.swift in Sources */ = {isa = PBXBuildFile; fileRef = 47CA812C203E7A90002984D1 /* ParseChatUITests.swift */; };
/* End PBXBuildFile section */

/* Begin PBXContainerItemProxy section */
		47CA811E203E7A90002984D1 /* PBXContainerItemProxy */ = {
			isa = PBXContainerItemProxy;
			containerPortal = 47CA8101203E7A8F002984D1 /* Project object */;
			proxyType = 1;
			remoteGlobalIDString = 47CA8108203E7A8F002984D1;
			remoteInfo = ParseChat;
		};
		47CA8129203E7A90002984D1 /* PBXContainerItemProxy */ = {
			isa = PBXContainerItemProxy;
			containerPortal = 47CA8101203E7A8F002984D1 /* Project object */;
			proxyType = 1;
			remoteGlobalIDString = 47CA8108203E7A8F002984D1;
			remoteInfo = ParseChat;
		};
/* End PBXContainerItemProxy section */

/* Begin PBXFileReference section */
		47CA8109203E7A90002984D1 /* ParseChat.app */ = {isa = PBXFileReference; explicitFileType = wrapper.application; includeInIndex = 0; path = ParseChat.app; sourceTree = BUILT_PRODUCTS_DIR; };
		47CA810C203E7A90002984D1 /* AppDelegate.swift */ = {isa = PBXFileReference; lastKnownFileType = sourcecode.swift; path = AppDelegate.swift; sourceTree = "<group>"; };
		47CA810E203E7A90002984D1 /* ViewController.swift */ = {isa = PBXFileReference; lastKnownFileType = sourcecode.swift; path = ViewController.swift; sourceTree = "<group>"; };
		47CA8111203E7A90002984D1 /* Base */ = {isa = PBXFileReference; lastKnownFileType = file.storyboard; name = Base; path = Base.lproj/Main.storyboard; sourceTree = "<group>"; };
		47CA8113203E7A90002984D1 /* Assets.xcassets */ = {isa = PBXFileReference; lastKnownFileType = folder.assetcatalog; path = Assets.xcassets; sourceTree = "<group>"; };
		47CA8116203E7A90002984D1 /* Base */ = {isa = PBXFileReference; lastKnownFileType = file.storyboard; name = Base; path = Base.lproj/LaunchScreen.storyboard; sourceTree = "<group>"; };
		47CA8118203E7A90002984D1 /* Info.plist */ = {isa = PBXFileReference; lastKnownFileType = text.plist.xml; path = Info.plist; sourceTree = "<group>"; };
		47CA811D203E7A90002984D1 /* ParseChatTests.xctest */ = {isa = PBXFileReference; explicitFileType = wrapper.cfbundle; includeInIndex = 0; path = ParseChatTests.xctest; sourceTree = BUILT_PRODUCTS_DIR; };
		47CA8121203E7A90002984D1 /* ParseChatTests.swift */ = {isa = PBXFileReference; lastKnownFileType = sourcecode.swift; path = ParseChatTests.swift; sourceTree = "<group>"; };
		47CA8123203E7A90002984D1 /* Info.plist */ = {isa = PBXFileReference; lastKnownFileType = text.plist.xml; path = Info.plist; sourceTree = "<group>"; };
		47CA8128203E7A90002984D1 /* ParseChatUITests.xctest */ = {isa = PBXFileReference; explicitFileType = wrapper.cfbundle; includeInIndex = 0; path = ParseChatUITests.xctest; sourceTree = BUILT_PRODUCTS_DIR; };
		47CA812C203E7A90002984D1 /* ParseChatUITests.swift */ = {isa = PBXFileReference; lastKnownFileType = sourcecode.swift; path = ParseChatUITests.swift; sourceTree = "<group>"; };
		47CA812E203E7A90002984D1 /* Info.plist */ = {isa = PBXFileReference; lastKnownFileType = text.plist.xml; path = Info.plist; sourceTree = "<group>"; };
/* End PBXFileReference section */

/* Begin PBXFrameworksBuildPhase section */
		47CA8106203E7A8F002984D1 /* Frameworks */ = {
			isa = PBXFrameworksBuildPhase;
			buildActionMask = 2147483647;
			files = (
			);
			runOnlyForDeploymentPostprocessing = 0;
		};
		47CA811A203E7A90002984D1 /* Frameworks */ = {
			isa = PBXFrameworksBuildPhase;
			buildActionMask = 2147483647;
			files = (
			);
			runOnlyForDeploymentPostprocessing = 0;
		};
		47CA8125203E7A90002984D1 /* Frameworks */ = {
			isa = PBXFrameworksBuildPhase;
			buildActionMask = 2147483647;
			files = (
			);
			runOnlyForDeploymentPostprocessing = 0;
		};
/* End PBXFrameworksBuildPhase section */

/* Begin PBXGroup section */
		47CA8100203E7A8F002984D1 = {
			isa = PBXGroup;
			children = (
				47CA810B203E7A90002984D1 /* ParseChat */,
				47CA8120203E7A90002984D1 /* ParseChatTests */,
				47CA812B203E7A90002984D1 /* ParseChatUITests */,
				47CA810A203E7A90002984D1 /* Products */,
			);
			sourceTree = "<group>";
		};
		47CA810A203E7A90002984D1 /* Products */ = {
			isa = PBXGroup;
			children = (
				47CA8109203E7A90002984D1 /* ParseChat.app */,
				47CA811D203E7A90002984D1 /* ParseChatTests.xctest */,
				47CA8128203E7A90002984D1 /* ParseChatUITests.xctest */,
			);
			name = Products;
			sourceTree = "<group>";
		};
		47CA810B203E7A90002984D1 /* ParseChat */ = {
			isa = PBXGroup;
			children = (
				47CA810C203E7A90002984D1 /* AppDelegate.swift */,
				47CA810E203E7A90002984D1 /* ViewController.swift */,
				47CA8110203E7A90002984D1 /* Main.storyboard */,
				47CA8113203E7A90002984D1 /* Assets.xcassets */,
				47CA8115203E7A90002984D1 /* LaunchScreen.storyboard */,
				47CA8118203E7A90002984D1 /* Info.plist */,
			);
			path = ParseChat;
			sourceTree = "<group>";
		};
		47CA8120203E7A90002984D1 /* ParseChatTests */ = {
			isa = PBXGroup;
			children = (
				47CA8121203E7A90002984D1 /* ParseChatTests.swift */,
				47CA8123203E7A90002984D1 /* Info.plist */,
			);
			path = ParseChatTests;
			sourceTree = "<group>";
		};
		47CA812B203E7A90002984D1 /* ParseChatUITests */ = {
			isa = PBXGroup;
			children = (
				47CA812C203E7A90002984D1 /* ParseChatUITests.swift */,
				47CA812E203E7A90002984D1 /* Info.plist */,
			);
			path = ParseChatUITests;
			sourceTree = "<group>";
		};
/* End PBXGroup section */

/* Begin PBXNativeTarget section */
		47CA8108203E7A8F002984D1 /* ParseChat */ = {
			isa = PBXNativeTarget;
			buildConfigurationList = 47CA8131203E7A90002984D1 /* Build configuration list for PBXNativeTarget "ParseChat" */;
			buildPhases = (
				47CA8105203E7A8F002984D1 /* Sources */,
				47CA8106203E7A8F002984D1 /* Frameworks */,
				47CA8107203E7A8F002984D1 /* Resources */,
			);
			buildRules = (
			);
			dependencies = (
			);
			name = ParseChat;
			productName = ParseChat;
			productReference = 47CA8109203E7A90002984D1 /* ParseChat.app */;
			productType = "com.apple.product-type.application";
		};
		47CA811C203E7A90002984D1 /* ParseChatTests */ = {
			isa = PBXNativeTarget;
			buildConfigurationList = 47CA8134203E7A90002984D1 /* Build configuration list for PBXNativeTarget "ParseChatTests" */;
			buildPhases = (
				47CA8119203E7A90002984D1 /* Sources */,
				47CA811A203E7A90002984D1 /* Frameworks */,
				47CA811B203E7A90002984D1 /* Resources */,
			);
			buildRules = (
			);
			dependencies = (
				47CA811F203E7A90002984D1 /* PBXTargetDependency */,
			);
			name = ParseChatTests;
			productName = ParseChatTests;
			productReference = 47CA811D203E7A90002984D1 /* ParseChatTests.xctest */;
			productType = "com.apple.product-type.bundle.unit-test";
		};
		47CA8127203E7A90002984D1 /* ParseChatUITests */ = {
			isa = PBXNativeTarget;
			buildConfigurationList = 47CA8137203E7A90002984D1 /* Build configuration list for PBXNativeTarget "ParseChatUITests" */;
			buildPhases = (
				47CA8124203E7A90002984D1 /* Sources */,
				47CA8125203E7A90002984D1 /* Frameworks */,
				47CA8126203E7A90002984D1 /* Resources */,
			);
			buildRules = (
			);
			dependencies = (
				47CA812A203E7A90002984D1 /* PBXTargetDependency */,
			);
			name = ParseChatUITests;
			productName = ParseChatUITests;
			productReference = 47CA8128203E7A90002984D1 /* ParseChatUITests.xctest */;
			productType = "com.apple.product-type.bundle.ui-testing";
		};
/* End PBXNativeTarget section */

/* Begin PBXProject section */
		47CA8101203E7A8F002984D1 /* Project object */ = {
			isa = PBXProject;
			attributes = {
				LastSwiftUpdateCheck = 0920;
				LastUpgradeCheck = 0920;
				ORGANIZATIONNAME = Hoang;
				TargetAttributes = {
					47CA8108203E7A8F002984D1 = {
						CreatedOnToolsVersion = 9.2;
						ProvisioningStyle = Automatic;
					};
					47CA811C203E7A90002984D1 = {
						CreatedOnToolsVersion = 9.2;
						ProvisioningStyle = Automatic;
						TestTargetID = 47CA8108203E7A8F002984D1;
					};
					47CA8127203E7A90002984D1 = {
						CreatedOnToolsVersion = 9.2;
						ProvisioningStyle = Automatic;
						TestTargetID = 47CA8108203E7A8F002984D1;
					};
				};
			};
			buildConfigurationList = 47CA8104203E7A8F002984D1 /* Build configuration list for PBXProject "ParseChat" */;
			compatibilityVersion = "Xcode 8.0";
			developmentRegion = en;
			hasScannedForEncodings = 0;
			knownRegions = (
				en,
				Base,
			);
			mainGroup = 47CA8100203E7A8F002984D1;
			productRefGroup = 47CA810A203E7A90002984D1 /* Products */;
			projectDirPath = "";
			projectRoot = "";
			targets = (
				47CA8108203E7A8F002984D1 /* ParseChat */,
				47CA811C203E7A90002984D1 /* ParseChatTests */,
				47CA8127203E7A90002984D1 /* ParseChatUITests */,
			);
		};
/* End PBXProject section */

/* Begin PBXResourcesBuildPhase section */
		47CA8107203E7A8F002984D1 /* Resources */ = {
			isa = PBXResourcesBuildPhase;
			buildActionMask = 2147483647;
			files = (
				47CA8117203E7A90002984D1 /* LaunchScreen.storyboard in Resources */,
				47CA8114203E7A90002984D1 /* Assets.xcassets in Resources */,
				47CA8112203E7A90002984D1 /* Main.storyboard in Resources */,
			);
			runOnlyForDeploymentPostprocessing = 0;
		};
		47CA811B203E7A90002984D1 /* Resources */ = {
			isa = PBXResourcesBuildPhase;
			buildActionMask = 2147483647;
			files = (
			);
			runOnlyForDeploymentPostprocessing = 0;
		};
		47CA8126203E7A90002984D1 /* Resources */ = {
			isa = PBXResourcesBuildPhase;
			buildActionMask = 2147483647;
			files = (
			);
			runOnlyForDeploymentPostprocessing = 0;
		};
/* End PBXResourcesBuildPhase section */

/* Begin PBXSourcesBuildPhase section */
		47CA8105203E7A8F002984D1 /* Sources */ = {
			isa = PBXSourcesBuildPhase;
			buildActionMask = 2147483647;
			files = (
				47CA810F203E7A90002984D1 /* ViewController.swift in Sources */,
				47CA810D203E7A90002984D1 /* AppDelegate.swift in Sources */,
			);
			runOnlyForDeploymentPostprocessing = 0;
		};
		47CA8119203E7A90002984D1 /* Sources */ = {
			isa = PBXSourcesBuildPhase;
			buildActionMask = 2147483647;
			files = (
				47CA8122203E7A90002984D1 /* ParseChatTests.swift in Sources */,
			);
			runOnlyForDeploymentPostprocessing = 0;
		};
		47CA8124203E7A90002984D1 /* Sources */ = {
			isa = PBXSourcesBuildPhase;
			buildActionMask = 2147483647;
			files = (
				47CA812D203E7A90002984D1 /* ParseChatUITests.swift in Sources */,
			);
			runOnlyForDeploymentPostprocessing = 0;
		};
/* End PBXSourcesBuildPhase section */

/* Begin PBXTargetDependency section */
		47CA811F203E7A90002984D1 /* PBXTargetDependency */ = {
			isa = PBXTargetDependency;
			target = 47CA8108203E7A8F002984D1 /* ParseChat */;
			targetProxy = 47CA811E203E7A90002984D1 /* PBXContainerItemProxy */;
		};
		47CA812A203E7A90002984D1 /* PBXTargetDependency */ = {
			isa = PBXTargetDependency;
			target = 47CA8108203E7A8F002984D1 /* ParseChat */;
			targetProxy = 47CA8129203E7A90002984D1 /* PBXContainerItemProxy */;
		};
/* End PBXTargetDependency section */

/* Begin PBXVariantGroup section */
		47CA8110203E7A90002984D1 /* Main.storyboard */ = {
			isa = PBXVariantGroup;
			children = (
				47CA8111203E7A90002984D1 /* Base */,
			);
			name = Main.storyboard;
			sourceTree = "<group>";
		};
		47CA8115203E7A90002984D1 /* LaunchScreen.storyboard */ = {
			isa = PBXVariantGroup;
			children = (
				47CA8116203E7A90002984D1 /* Base */,
			);
			name = LaunchScreen.storyboard;
			sourceTree = "<group>";
		};
/* End PBXVariantGroup section */

/* Begin XCBuildConfiguration section */
		47CA812F203E7A90002984D1 /* Debug */ = {
			isa = XCBuildConfiguration;
			buildSettings = {
				ALWAYS_SEARCH_USER_PATHS = NO;
				CLANG_ANALYZER_NONNULL = YES;
				CLANG_ANALYZER_NUMBER_OBJECT_CONVERSION = YES_AGGRESSIVE;
				CLANG_CXX_LANGUAGE_STANDARD = "gnu++14";
				CLANG_CXX_LIBRARY = "libc++";
				CLANG_ENABLE_MODULES = YES;
				CLANG_ENABLE_OBJC_ARC = YES;
				CLANG_WARN_BLOCK_CAPTURE_AUTORELEASING = YES;
				CLANG_WARN_BOOL_CONVERSION = YES;
				CLANG_WARN_COMMA = YES;
				CLANG_WARN_CONSTANT_CONVERSION = YES;
				CLANG_WARN_DIRECT_OBJC_ISA_USAGE = YES_ERROR;
				CLANG_WARN_DOCUMENTATION_COMMENTS = YES;
				CLANG_WARN_EMPTY_BODY = YES;
				CLANG_WARN_ENUM_CONVERSION = YES;
				CLANG_WARN_INFINITE_RECURSION = YES;
				CLANG_WARN_INT_CONVERSION = YES;
				CLANG_WARN_NON_LITERAL_NULL_CONVERSION = YES;
				CLANG_WARN_OBJC_LITERAL_CONVERSION = YES;
				CLANG_WARN_OBJC_ROOT_CLASS = YES_ERROR;
				CLANG_WARN_RANGE_LOOP_ANALYSIS = YES;
				CLANG_WARN_STRICT_PROTOTYPES = YES;
				CLANG_WARN_SUSPICIOUS_MOVE = YES;
				CLANG_WARN_UNGUARDED_AVAILABILITY = YES_AGGRESSIVE;
				CLANG_WARN_UNREACHABLE_CODE = YES;
				CLANG_WARN__DUPLICATE_METHOD_MATCH = YES;
				CODE_SIGN_IDENTITY = "iPhone Developer";
				COPY_PHASE_STRIP = NO;
				DEBUG_INFORMATION_FORMAT = dwarf;
				ENABLE_STRICT_OBJC_MSGSEND = YES;
				ENABLE_TESTABILITY = YES;
				GCC_C_LANGUAGE_STANDARD = gnu11;
				GCC_DYNAMIC_NO_PIC = NO;
				GCC_NO_COMMON_BLOCKS = YES;
				GCC_OPTIMIZATION_LEVEL = 0;
				GCC_PREPROCESSOR_DEFINITIONS = (
					"DEBUG=1",
					"$(inherited)",
				);
				GCC_WARN_64_TO_32_BIT_CONVERSION = YES;
				GCC_WARN_ABOUT_RETURN_TYPE = YES_ERROR;
				GCC_WARN_UNDECLARED_SELECTOR = YES;
				GCC_WARN_UNINITIALIZED_AUTOS = YES_AGGRESSIVE;
				GCC_WARN_UNUSED_FUNCTION = YES;
				GCC_WARN_UNUSED_VARIABLE = YES;
				IPHONEOS_DEPLOYMENT_TARGET = 11.2;
				MTL_ENABLE_DEBUG_INFO = YES;
				ONLY_ACTIVE_ARCH = YES;
				SDKROOT = iphoneos;
				SWIFT_ACTIVE_COMPILATION_CONDITIONS = DEBUG;
				SWIFT_OPTIMIZATION_LEVEL = "-Onone";
			};
			name = Debug;
		};
		47CA8130203E7A90002984D1 /* Release */ = {
			isa = XCBuildConfiguration;
			buildSettings = {
				ALWAYS_SEARCH_USER_PATHS = NO;
				CLANG_ANALYZER_NONNULL = YES;
				CLANG_ANALYZER_NUMBER_OBJECT_CONVERSION = YES_AGGRESSIVE;
				CLANG_CXX_LANGUAGE_STANDARD = "gnu++14";
				CLANG_CXX_LIBRARY = "libc++";
				CLANG_ENABLE_MODULES = YES;
				CLANG_ENABLE_OBJC_ARC = YES;
				CLANG_WARN_BLOCK_CAPTURE_AUTORELEASING = YES;
				CLANG_WARN_BOOL_CONVERSION = YES;
				CLANG_WARN_COMMA = YES;
				CLANG_WARN_CONSTANT_CONVERSION = YES;
				CLANG_WARN_DIRECT_OBJC_ISA_USAGE = YES_ERROR;
				CLANG_WARN_DOCUMENTATION_COMMENTS = YES;
				CLANG_WARN_EMPTY_BODY = YES;
				CLANG_WARN_ENUM_CONVERSION = YES;
				CLANG_WARN_INFINITE_RECURSION = YES;
				CLANG_WARN_INT_CONVERSION = YES;
				CLANG_WARN_NON_LITERAL_NULL_CONVERSION = YES;
				CLANG_WARN_OBJC_LITERAL_CONVERSION = YES;
				CLANG_WARN_OBJC_ROOT_CLASS = YES_ERROR;
				CLANG_WARN_RANGE_LOOP_ANALYSIS = YES;
				CLANG_WARN_STRICT_PROTOTYPES = YES;
				CLANG_WARN_SUSPICIOUS_MOVE = YES;
				CLANG_WARN_UNGUARDED_AVAILABILITY = YES_AGGRESSIVE;
				CLANG_WARN_UNREACHABLE_CODE = YES;
				CLANG_WARN__DUPLICATE_METHOD_MATCH = YES;
				CODE_SIGN_IDENTITY = "iPhone Developer";
				COPY_PHASE_STRIP = NO;
				DEBUG_INFORMATION_FORMAT = "dwarf-with-dsym";
				ENABLE_NS_ASSERTIONS = NO;
				ENABLE_STRICT_OBJC_MSGSEND = YES;
				GCC_C_LANGUAGE_STANDARD = gnu11;
				GCC_NO_COMMON_BLOCKS = YES;
				GCC_WARN_64_TO_32_BIT_CONVERSION = YES;
				GCC_WARN_ABOUT_RETURN_TYPE = YES_ERROR;
				GCC_WARN_UNDECLARED_SELECTOR = YES;
				GCC_WARN_UNINITIALIZED_AUTOS = YES_AGGRESSIVE;
				GCC_WARN_UNUSED_FUNCTION = YES;
				GCC_WARN_UNUSED_VARIABLE = YES;
				IPHONEOS_DEPLOYMENT_TARGET = 11.2;
				MTL_ENABLE_DEBUG_INFO = NO;
				SDKROOT = iphoneos;
				SWIFT_OPTIMIZATION_LEVEL = "-Owholemodule";
				VALIDATE_PRODUCT = YES;
			};
			name = Release;
		};
		47CA8132203E7A90002984D1 /* Debug */ = {
			isa = XCBuildConfiguration;
			buildSettings = {
				ASSETCATALOG_COMPILER_APPICON_NAME = AppIcon;
				CODE_SIGN_STYLE = Automatic;
				DEVELOPMENT_TEAM = 4B5PEQM7U2;
				INFOPLIST_FILE = ParseChat/Info.plist;
				LD_RUNPATH_SEARCH_PATHS = "$(inherited) @executable_path/Frameworks";
				PRODUCT_BUNDLE_IDENTIFIER = Hoang.ParseChat;
				PRODUCT_NAME = "$(TARGET_NAME)";
				SWIFT_VERSION = 4.0;
				TARGETED_DEVICE_FAMILY = "1,2";
			};
			name = Debug;
		};
		47CA8133203E7A90002984D1 /* Release */ = {
			isa = XCBuildConfiguration;
			buildSettings = {
				ASSETCATALOG_COMPILER_APPICON_NAME = AppIcon;
				CODE_SIGN_STYLE = Automatic;
				DEVELOPMENT_TEAM = 4B5PEQM7U2;
				INFOPLIST_FILE = ParseChat/Info.plist;
				LD_RUNPATH_SEARCH_PATHS = "$(inherited) @executable_path/Frameworks";
				PRODUCT_BUNDLE_IDENTIFIER = Hoang.ParseChat;
				PRODUCT_NAME = "$(TARGET_NAME)";
				SWIFT_VERSION = 4.0;
				TARGETED_DEVICE_FAMILY = "1,2";
			};
			name = Release;
		};
		47CA8135203E7A90002984D1 /* Debug */ = {
			isa = XCBuildConfiguration;
			buildSettings = {
				ALWAYS_EMBED_SWIFT_STANDARD_LIBRARIES = YES;
				BUNDLE_LOADER = "$(TEST_HOST)";
				CODE_SIGN_STYLE = Automatic;
				DEVELOPMENT_TEAM = 4B5PEQM7U2;
				INFOPLIST_FILE = ParseChatTests/Info.plist;
				LD_RUNPATH_SEARCH_PATHS = "$(inherited) @executable_path/Frameworks @loader_path/Frameworks";
				PRODUCT_BUNDLE_IDENTIFIER = Hoang.ParseChatTests;
				PRODUCT_NAME = "$(TARGET_NAME)";
				SWIFT_VERSION = 4.0;
				TARGETED_DEVICE_FAMILY = "1,2";
				TEST_HOST = "$(BUILT_PRODUCTS_DIR)/ParseChat.app/ParseChat";
			};
			name = Debug;
		};
		47CA8136203E7A90002984D1 /* Release */ = {
			isa = XCBuildConfiguration;
			buildSettings = {
				ALWAYS_EMBED_SWIFT_STANDARD_LIBRARIES = YES;
				BUNDLE_LOADER = "$(TEST_HOST)";
				CODE_SIGN_STYLE = Automatic;
				DEVELOPMENT_TEAM = 4B5PEQM7U2;
				INFOPLIST_FILE = ParseChatTests/Info.plist;
				LD_RUNPATH_SEARCH_PATHS = "$(inherited) @executable_path/Frameworks @loader_path/Frameworks";
				PRODUCT_BUNDLE_IDENTIFIER = Hoang.ParseChatTests;
				PRODUCT_NAME = "$(TARGET_NAME)";
				SWIFT_VERSION = 4.0;
				TARGETED_DEVICE_FAMILY = "1,2";
				TEST_HOST = "$(BUILT_PRODUCTS_DIR)/ParseChat.app/ParseChat";
			};
			name = Release;
		};
		47CA8138203E7A90002984D1 /* Debug */ = {
			isa = XCBuildConfiguration;
			buildSettings = {
				ALWAYS_EMBED_SWIFT_STANDARD_LIBRARIES = YES;
				CODE_SIGN_STYLE = Automatic;
				DEVELOPMENT_TEAM = 4B5PEQM7U2;
				INFOPLIST_FILE = ParseChatUITests/Info.plist;
				LD_RUNPATH_SEARCH_PATHS = "$(inherited) @executable_path/Frameworks @loader_path/Frameworks";
				PRODUCT_BUNDLE_IDENTIFIER = Hoang.ParseChatUITests;
				PRODUCT_NAME = "$(TARGET_NAME)";
				SWIFT_VERSION = 4.0;
				TARGETED_DEVICE_FAMILY = "1,2";
				TEST_TARGET_NAME = ParseChat;
			};
			name = Debug;
		};
		47CA8139203E7A90002984D1 /* Release */ = {
			isa = XCBuildConfiguration;
			buildSettings = {
				ALWAYS_EMBED_SWIFT_STANDARD_LIBRARIES = YES;
				CODE_SIGN_STYLE = Automatic;
				DEVELOPMENT_TEAM = 4B5PEQM7U2;
				INFOPLIST_FILE = ParseChatUITests/Info.plist;
				LD_RUNPATH_SEARCH_PATHS = "$(inherited) @executable_path/Frameworks @loader_path/Frameworks";
				PRODUCT_BUNDLE_IDENTIFIER = Hoang.ParseChatUITests;
				PRODUCT_NAME = "$(TARGET_NAME)";
				SWIFT_VERSION = 4.0;
				TARGETED_DEVICE_FAMILY = "1,2";
				TEST_TARGET_NAME = ParseChat;
			};
			name = Release;
		};
/* End XCBuildConfiguration section */

/* Begin XCConfigurationList section */
		47CA8104203E7A8F002984D1 /* Build configuration list for PBXProject "ParseChat" */ = {
			isa = XCConfigurationList;
			buildConfigurations = (
				47CA812F203E7A90002984D1 /* Debug */,
				47CA8130203E7A90002984D1 /* Release */,
			);
			defaultConfigurationIsVisible = 0;
			defaultConfigurationName = Release;
		};
		47CA8131203E7A90002984D1 /* Build configuration list for PBXNativeTarget "ParseChat" */ = {
			isa = XCConfigurationList;
			buildConfigurations = (
				47CA8132203E7A90002984D1 /* Debug */,
				47CA8133203E7A90002984D1 /* Release */,
			);
			defaultConfigurationIsVisible = 0;
			defaultConfigurationName = Release;
		};
		47CA8134203E7A90002984D1 /* Build configuration list for PBXNativeTarget "ParseChatTests" */ = {
			isa = XCConfigurationList;
			buildConfigurations = (
				47CA8135203E7A90002984D1 /* Debug */,
				47CA8136203E7A90002984D1 /* Release */,
			);
			defaultConfigurationIsVisible = 0;
			defaultConfigurationName = Release;
		};
		47CA8137203E7A90002984D1 /* Build configuration list for PBXNativeTarget "ParseChatUITests" */ = {
			isa = XCConfigurationList;
			buildConfigurations = (
				47CA8138203E7A90002984D1 /* Debug */,
				47CA8139203E7A90002984D1 /* Release */,
			);
			defaultConfigurationIsVisible = 0;
			defaultConfigurationName = Release;
		};
/* End XCConfigurationList section */
	};
	rootObject = 47CA8101203E7A8F002984D1 /* Project object */;
}
